// !$*UTF8*$!
{
	archiveVersion = 1;
	classes = {
	};
	objectVersion = 50;
	objects = {

/* Begin PBXBuildFile section */
		A7A59E1122036B1100CD34C1 /* PasswordGenerator.swift in Sources */ = {isa = PBXBuildFile; fileRef = A7A59E1022036B1100CD34C1 /* PasswordGenerator.swift */; };
		A7EB48E2220212DA00A8C5EC /* AppDelegate.swift in Sources */ = {isa = PBXBuildFile; fileRef = A7EB48E1220212DA00A8C5EC /* AppDelegate.swift */; };
		A7EB48E4220212DA00A8C5EC /* ViewController.swift in Sources */ = {isa = PBXBuildFile; fileRef = A7EB48E3220212DA00A8C5EC /* ViewController.swift */; };
		A7EB48E7220212DA00A8C5EC /* Main.storyboard in Resources */ = {isa = PBXBuildFile; fileRef = A7EB48E5220212DA00A8C5EC /* Main.storyboard */; };
		A7EB48E9220212DD00A8C5EC /* Assets.xcassets in Resources */ = {isa = PBXBuildFile; fileRef = A7EB48E8220212DD00A8C5EC /* Assets.xcassets */; };
		A7EB48EC220212DD00A8C5EC /* LaunchScreen.storyboard in Resources */ = {isa = PBXBuildFile; fileRef = A7EB48EA220212DD00A8C5EC /* LaunchScreen.storyboard */; };
		A7F0A1E422030E4700CE58B0 /* PasswordsViewController.swift in Sources */ = {isa = PBXBuildFile; fileRef = A7F0A1E322030E4700CE58B0 /* PasswordsViewController.swift */; };
		A7F0A1E622030F7100CE58B0 /* SecurityTipsViewController.swift in Sources */ = {isa = PBXBuildFile; fileRef = A7F0A1E522030F7100CE58B0 /* SecurityTipsViewController.swift */; };
/* End PBXBuildFile section */

/* Begin PBXFileReference section */
		A7A59E1022036B1100CD34C1 /* PasswordGenerator.swift */ = {isa = PBXFileReference; lastKnownFileType = sourcecode.swift; path = PasswordGenerator.swift; sourceTree = "<group>"; };
		A7EB48DE220212DA00A8C5EC /* AppGeradorSenhas.app */ = {isa = PBXFileReference; explicitFileType = wrapper.application; includeInIndex = 0; path = AppGeradorSenhas.app; sourceTree = BUILT_PRODUCTS_DIR; };
		A7EB48E1220212DA00A8C5EC /* AppDelegate.swift */ = {isa = PBXFileReference; lastKnownFileType = sourcecode.swift; path = AppDelegate.swift; sourceTree = "<group>"; };
		A7EB48E3220212DA00A8C5EC /* ViewController.swift */ = {isa = PBXFileReference; lastKnownFileType = sourcecode.swift; path = ViewController.swift; sourceTree = "<group>"; };
		A7EB48E6220212DA00A8C5EC /* Base */ = {isa = PBXFileReference; lastKnownFileType = file.storyboard; name = Base; path = Base.lproj/Main.storyboard; sourceTree = "<group>"; };
		A7EB48E8220212DD00A8C5EC /* Assets.xcassets */ = {isa = PBXFileReference; lastKnownFileType = folder.assetcatalog; path = Assets.xcassets; sourceTree = "<group>"; };
		A7EB48EB220212DD00A8C5EC /* Base */ = {isa = PBXFileReference; lastKnownFileType = file.storyboard; name = Base; path = Base.lproj/LaunchScreen.storyboard; sourceTree = "<group>"; };
		A7EB48ED220212DD00A8C5EC /* Info.plist */ = {isa = PBXFileReference; lastKnownFileType = text.plist.xml; path = Info.plist; sourceTree = "<group>"; };
		A7F0A1E322030E4700CE58B0 /* PasswordsViewController.swift */ = {isa = PBXFileReference; lastKnownFileType = sourcecode.swift; path = PasswordsViewController.swift; sourceTree = "<group>"; };
		A7F0A1E522030F7100CE58B0 /* SecurityTipsViewController.swift */ = {isa = PBXFileReference; lastKnownFileType = sourcecode.swift; path = SecurityTipsViewController.swift; sourceTree = "<group>"; };
/* End PBXFileReference section */

/* Begin PBXFrameworksBuildPhase section */
		A7EB48DB220212DA00A8C5EC /* Frameworks */ = {
			isa = PBXFrameworksBuildPhase;
			buildActionMask = 2147483647;
			files = (
			);
			runOnlyForDeploymentPostprocessing = 0;
		};
/* End PBXFrameworksBuildPhase section */

/* Begin PBXGroup section */
		A7EB48D5220212DA00A8C5EC = {
			isa = PBXGroup;
			children = (
				A7EB48E0220212DA00A8C5EC /* AppGeradorSenhas */,
				A7EB48DF220212DA00A8C5EC /* Products */,
			);
			sourceTree = "<group>";
		};
		A7EB48DF220212DA00A8C5EC /* Products */ = {
			isa = PBXGroup;
			children = (
				A7EB48DE220212DA00A8C5EC /* AppGeradorSenhas.app */,
			);
			name = Products;
			sourceTree = "<group>";
		};
		A7EB48E0220212DA00A8C5EC /* AppGeradorSenhas */ = {
			isa = PBXGroup;
			children = (
				A7EB48E1220212DA00A8C5EC /* AppDelegate.swift */,
				A7EB48E3220212DA00A8C5EC /* ViewController.swift */,
				A7EB48E5220212DA00A8C5EC /* Main.storyboard */,
				A7A59E1022036B1100CD34C1 /* PasswordGenerator.swift */,
				A7F0A1E522030F7100CE58B0 /* SecurityTipsViewController.swift */,
				A7F0A1E322030E4700CE58B0 /* PasswordsViewController.swift */,
				A7EB48E8220212DD00A8C5EC /* Assets.xcassets */,
				A7EB48EA220212DD00A8C5EC /* LaunchScreen.storyboard */,
				A7EB48ED220212DD00A8C5EC /* Info.plist */,
			);
			path = AppGeradorSenhas;
			sourceTree = "<group>";
		};
/* End PBXGroup section */

/* Begin PBXNativeTarget section */
		A7EB48DD220212DA00A8C5EC /* AppGeradorSenhas */ = {
			isa = PBXNativeTarget;
			buildConfigurationList = A7EB48F0220212DD00A8C5EC /* Build configuration list for PBXNativeTarget "AppGeradorSenhas" */;
			buildPhases = (
				A7EB48DA220212DA00A8C5EC /* Sources */,
				A7EB48DB220212DA00A8C5EC /* Frameworks */,
				A7EB48DC220212DA00A8C5EC /* Resources */,
			);
			buildRules = (
			);
			dependencies = (
			);
			name = AppGeradorSenhas;
			productName = AppGeradorSenhas;
			productReference = A7EB48DE220212DA00A8C5EC /* AppGeradorSenhas.app */;
			productType = "com.apple.product-type.application";
		};
/* End PBXNativeTarget section */

/* Begin PBXProject section */
		A7EB48D6220212DA00A8C5EC /* Project object */ = {
			isa = PBXProject;
			attributes = {
				LastSwiftUpdateCheck = 1010;
				LastUpgradeCheck = 1010;
				ORGANIZATIONNAME = "Lorena Rodrigues";
				TargetAttributes = {
					A7EB48DD220212DA00A8C5EC = {
						CreatedOnToolsVersion = 10.1;
					};
				};
			};
			buildConfigurationList = A7EB48D9220212DA00A8C5EC /* Build configuration list for PBXProject "AppGeradorSenhas" */;
			compatibilityVersion = "Xcode 9.3";
			developmentRegion = en;
			hasScannedForEncodings = 0;
			knownRegions = (
				en,
				Base,
			);
			mainGroup = A7EB48D5220212DA00A8C5EC;
			productRefGroup = A7EB48DF220212DA00A8C5EC /* Products */;
			projectDirPath = "";
			projectRoot = "";
			targets = (
				A7EB48DD220212DA00A8C5EC /* AppGeradorSenhas */,
			);
		};
/* End PBXProject section */

/* Begin PBXResourcesBuildPhase section */
		A7EB48DC220212DA00A8C5EC /* Resources */ = {
			isa = PBXResourcesBuildPhase;
			buildActionMask = 2147483647;
			files = (
				A7EB48EC220212DD00A8C5EC /* LaunchScreen.storyboard in Resources */,
				A7EB48E9220212DD00A8C5EC /* Assets.xcassets in Resources */,
				A7EB48E7220212DA00A8C5EC /* Main.storyboard in Resources */,
			);
			runOnlyForDeploymentPostprocessing = 0;
		};
/* End PBXResourcesBuildPhase section */

/* Begin PBXSourcesBuildPhase section */
		A7EB48DA220212DA00A8C5EC /* Sources */ = {
			isa = PBXSourcesBuildPhase;
			buildActionMask = 2147483647;
			files = (
				A7F0A1E622030F7100CE58B0 /* SecurityTipsViewController.swift in Sources */,
				A7EB48E4220212DA00A8C5EC /* ViewController.swift in Sources */,
				A7F0A1E422030E4700CE58B0 /* PasswordsViewController.swift in Sources */,
				A7A59E1122036B1100CD34C1 /* PasswordGenerator.swift in Sources */,
				A7EB48E2220212DA00A8C5EC /* AppDelegate.swift in Sources */,
			);
			runOnlyForDeploymentPostprocessing = 0;
		};
/* End PBXSourcesBuildPhase section */

/* Begin PBXVariantGroup section */
		A7EB48E5220212DA00A8C5EC /* Main.storyboard */ = {
			isa = PBXVariantGroup;
			children = (
				A7EB48E6220212DA00A8C5EC /* Base */,
			);
			name = Main.storyboard;
			sourceTree = "<group>";
		};
		A7EB48EA220212DD00A8C5EC /* LaunchScreen.storyboard */ = {
			isa = PBXVariantGroup;
			children = (
				A7EB48EB220212DD00A8C5EC /* Base */,
			);
			name = LaunchScreen.storyboard;
			sourceTree = "<group>";
		};
/* End PBXVariantGroup section */

/* Begin XCBuildConfiguration section */
		A7EB48EE220212DD00A8C5EC /* Debug */ = {
			isa = XCBuildConfiguration;
			buildSettings = {
				ALWAYS_SEARCH_USER_PATHS = NO;
				CLANG_ANALYZER_NONNULL = YES;
				CLANG_ANALYZER_NUMBER_OBJECT_CONVERSION = YES_AGGRESSIVE;
				CLANG_CXX_LANGUAGE_STANDARD = "gnu++14";
				CLANG_CXX_LIBRARY = "libc++";
				CLANG_ENABLE_MODULES = YES;
				CLANG_ENABLE_OBJC_ARC = YES;
				CLANG_ENABLE_OBJC_WEAK = YES;
				CLANG_WARN_BLOCK_CAPTURE_AUTORELEASING = YES;
				CLANG_WARN_BOOL_CONVERSION = YES;
				CLANG_WARN_COMMA = YES;
				CLANG_WARN_CONSTANT_CONVERSION = YES;
				CLANG_WARN_DEPRECATED_OBJC_IMPLEMENTATIONS = YES;
				CLANG_WARN_DIRECT_OBJC_ISA_USAGE = YES_ERROR;
				CLANG_WARN_DOCUMENTATION_COMMENTS = YES;
				CLANG_WARN_EMPTY_BODY = YES;
				CLANG_WARN_ENUM_CONVERSION = YES;
				CLANG_WARN_INFINITE_RECURSION = YES;
				CLANG_WARN_INT_CONVERSION = YES;
				CLANG_WARN_NON_LITERAL_NULL_CONVERSION = YES;
				CLANG_WARN_OBJC_IMPLICIT_RETAIN_SELF = YES;
				CLANG_WARN_OBJC_LITERAL_CONVERSION = YES;
				CLANG_WARN_OBJC_ROOT_CLASS = YES_ERROR;
				CLANG_WARN_RANGE_LOOP_ANALYSIS = YES;
				CLANG_WARN_STRICT_PROTOTYPES = YES;
				CLANG_WARN_SUSPICIOUS_MOVE = YES;
				CLANG_WARN_UNGUARDED_AVAILABILITY = YES_AGGRESSIVE;
				CLANG_WARN_UNREACHABLE_CODE = YES;
				CLANG_WARN__DUPLICATE_METHOD_MATCH = YES;
				CODE_SIGN_IDENTITY = "iPhone Developer";
				COPY_PHASE_STRIP = NO;
				DEBUG_INFORMATION_FORMAT = dwarf;
				ENABLE_STRICT_OBJC_MSGSEND = YES;
				ENABLE_TESTABILITY = YES;
				GCC_C_LANGUAGE_STANDARD = gnu11;
				GCC_DYNAMIC_NO_PIC = NO;
				GCC_NO_COMMON_BLOCKS = YES;
				GCC_OPTIMIZATION_LEVEL = 0;
				GCC_PREPROCESSOR_DEFINITIONS = (
					"DEBUG=1",
					"$(inherited)",
				);
				GCC_WARN_64_TO_32_BIT_CONVERSION = YES;
				GCC_WARN_ABOUT_RETURN_TYPE = YES_ERROR;
				GCC_WARN_UNDECLARED_SELECTOR = YES;
				GCC_WARN_UNINITIALIZED_AUTOS = YES_AGGRESSIVE;
				GCC_WARN_UNUSED_FUNCTION = YES;
				GCC_WARN_UNUSED_VARIABLE = YES;
				IPHONEOS_DEPLOYMENT_TARGET = 12.1;
				MTL_ENABLE_DEBUG_INFO = INCLUDE_SOURCE;
				MTL_FAST_MATH = YES;
				ONLY_ACTIVE_ARCH = YES;
				SDKROOT = iphoneos;
				SWIFT_ACTIVE_COMPILATION_CONDITIONS = DEBUG;
				SWIFT_OPTIMIZATION_LEVEL = "-Onone";
			};
			name = Debug;
		};
		A7EB48EF220212DD00A8C5EC /* Release */ = {
			isa = XCBuildConfiguration;
			buildSettings = {
				ALWAYS_SEARCH_USER_PATHS = NO;
				CLANG_ANALYZER_NONNULL = YES;
				CLANG_ANALYZER_NUMBER_OBJECT_CONVERSION = YES_AGGRESSIVE;
				CLANG_CXX_LANGUAGE_STANDARD = "gnu++14";
				CLANG_CXX_LIBRARY = "libc++";
				CLANG_ENABLE_MODULES = YES;
				CLANG_ENABLE_OBJC_ARC = YES;
				CLANG_ENABLE_OBJC_WEAK = YES;
				CLANG_WARN_BLOCK_CAPTURE_AUTORELEASING = YES;
				CLANG_WARN_BOOL_CONVERSION = YES;
				CLANG_WARN_COMMA = YES;
				CLANG_WARN_CONSTANT_CONVERSION = YES;
				CLANG_WARN_DEPRECATED_OBJC_IMPLEMENTATIONS = YES;
				CLANG_WARN_DIRECT_OBJC_ISA_USAGE = YES_ERROR;
				CLANG_WARN_DOCUMENTATION_COMMENTS = YES;
				CLANG_WARN_EMPTY_BODY = YES;
				CLANG_WARN_ENUM_CONVERSION = YES;
				CLANG_WARN_INFINITE_RECURSION = YES;
				CLANG_WARN_INT_CONVERSION = YES;
				CLANG_WARN_NON_LITERAL_NULL_CONVERSION = YES;
				CLANG_WARN_OBJC_IMPLICIT_RETAIN_SELF = YES;
				CLANG_WARN_OBJC_LITERAL_CONVERSION = YES;
				CLANG_WARN_OBJC_ROOT_CLASS = YES_ERROR;
				CLANG_WARN_RANGE_LOOP_ANALYSIS = YES;
				CLANG_WARN_STRICT_PROTOTYPES = YES;
				CLANG_WARN_SUSPICIOUS_MOVE = YES;
				CLANG_WARN_UNGUARDED_AVAILABILITY = YES_AGGRESSIVE;
				CLANG_WARN_UNREACHABLE_CODE = YES;
				CLANG_WARN__DUPLICATE_METHOD_MATCH = YES;
				CODE_SIGN_IDENTITY = "iPhone Developer";
				COPY_PHASE_STRIP = NO;
				DEBUG_INFORMATION_FORMAT = "dwarf-with-dsym";
				ENABLE_NS_ASSERTIONS = NO;
				ENABLE_STRICT_OBJC_MSGSEND = YES;
				GCC_C_LANGUAGE_STANDARD = gnu11;
				GCC_NO_COMMON_BLOCKS = YES;
				GCC_WARN_64_TO_32_BIT_CONVERSION = YES;
				GCC_WARN_ABOUT_RETURN_TYPE = YES_ERROR;
				GCC_WARN_UNDECLARED_SELECTOR = YES;
				GCC_WARN_UNINITIALIZED_AUTOS = YES_AGGRESSIVE;
				GCC_WARN_UNUSED_FUNCTION = YES;
				GCC_WARN_UNUSED_VARIABLE = YES;
				IPHONEOS_DEPLOYMENT_TARGET = 12.1;
				MTL_ENABLE_DEBUG_INFO = NO;
				MTL_FAST_MATH = YES;
				SDKROOT = iphoneos;
				SWIFT_COMPILATION_MODE = wholemodule;
				SWIFT_OPTIMIZATION_LEVEL = "-O";
				VALIDATE_PRODUCT = YES;
			};
			name = Release;
		};
		A7EB48F1220212DD00A8C5EC /* Debug */ = {
			isa = XCBuildConfiguration;
			buildSettings = {
				ASSETCATALOG_COMPILER_APPICON_NAME = AppIcon;
				CODE_SIGN_STYLE = Automatic;
				DEVELOPMENT_TEAM = ZLFB8Q49RU;
				INFOPLIST_FILE = AppGeradorSenhas/Info.plist;
				LD_RUNPATH_SEARCH_PATHS = (
					"$(inherited)",
					"@executable_path/Frameworks",
				);
				PRODUCT_BUNDLE_IDENTIFIER = com.lorena.AppGeradorSenhas;
				PRODUCT_NAME = "$(TARGET_NAME)";
				SWIFT_VERSION = 4.2;
				TARGETED_DEVICE_FAMILY = "1,2";
			};
			name = Debug;
		};
		A7EB48F2220212DD00A8C5EC /* Release */ = {
			isa = XCBuildConfiguration;
			buildSettings = {
				ASSETCATALOG_COMPILER_APPICON_NAME = AppIcon;
				CODE_SIGN_STYLE = Automatic;
				DEVELOPMENT_TEAM = ZLFB8Q49RU;
				INFOPLIST_FILE = AppGeradorSenhas/Info.plist;
				LD_RUNPATH_SEARCH_PATHS = (
					"$(inherited)",
					"@executable_path/Frameworks",
				);
				PRODUCT_BUNDLE_IDENTIFIER = com.lorena.AppGeradorSenhas;
				PRODUCT_NAME = "$(TARGET_NAME)";
				SWIFT_VERSION = 4.2;
				TARGETED_DEVICE_FAMILY = "1,2";
			};
			name = Release;
		};
/* End XCBuildConfiguration section */

/* Begin XCConfigurationList section */
		A7EB48D9220212DA00A8C5EC /* Build configuration list for PBXProject "AppGeradorSenhas" */ = {
			isa = XCConfigurationList;
			buildConfigurations = (
				A7EB48EE220212DD00A8C5EC /* Debug */,
				A7EB48EF220212DD00A8C5EC /* Release */,
			);
			defaultConfigurationIsVisible = 0;
			defaultConfigurationName = Release;
		};
		A7EB48F0220212DD00A8C5EC /* Build configuration list for PBXNativeTarget "AppGeradorSenhas" */ = {
			isa = XCConfigurationList;
			buildConfigurations = (
				A7EB48F1220212DD00A8C5EC /* Debug */,
				A7EB48F2220212DD00A8C5EC /* Release */,
			);
			defaultConfigurationIsVisible = 0;
			defaultConfigurationName = Release;
		};
/* End XCConfigurationList section */
	};
	rootObject = A7EB48D6220212DA00A8C5EC /* Project object */;
}
